
Microsoft Visual Studio Solution File, Format Version 12.00
# Visual Studio 15
VisualStudioVersion = 15.0.28307.572
MinimumVisualStudioVersion = 10.0.40219.1
Project("{FAE04EC0-301F-11D3-BF4B-00C04F79EFBC}") = "View", "View\View.csproj", "{10FCEF0A-569D-4F3A-91DF-D203B6DDFAD0}"
EndProject
Project("{FAE04EC0-301F-11D3-BF4B-00C04F79EFBC}") = "Model", "Model\Model.csproj", "{459BDE18-4A0B-4EBB-9E49-C81898F2D569}"
EndProject
Project("{FAE04EC0-301F-11D3-BF4B-00C04F79EFBC}") = "Repository", "Repository\Repository.csproj", "{EC81A087-C3D5-405C-976A-DAEF70D8DDC5}"
EndProject
Global
	GlobalSection(SolutionConfigurationPlatforms) = preSolution
		Debug|Any CPU = Debug|Any CPU
		Release|Any CPU = Release|Any CPU
	EndGlobalSection
	GlobalSection(ProjectConfigurationPlatforms) = postSolution
		{10FCEF0A-569D-4F3A-91DF-D203B6DDFAD0}.Debug|Any CPU.ActiveCfg = Debug|Any CPU
		{10FCEF0A-569D-4F3A-91DF-D203B6DDFAD0}.Debug|Any CPU.Build.0 = Debug|Any CPU
		{10FCEF0A-569D-4F3A-91DF-D203B6DDFAD0}.Release|Any CPU.ActiveCfg = Release|Any CPU
		{10FCEF0A-569D-4F3A-91DF-D203B6DDFAD0}.Release|Any CPU.Build.0 = Release|Any CPU
		{459BDE18-4A0B-4EBB-9E49-C81898F2D569}.Debug|Any CPU.ActiveCfg = Debug|Any CPU
		{459BDE18-4A0B-4EBB-9E49-C81898F2D569}.Debug|Any CPU.Build.0 = Debug|Any CPU
		{459BDE18-4A0B-4EBB-9E49-C81898F2D569}.Release|Any CPU.ActiveCfg = Release|Any CPU
		{459BDE18-4A0B-4EBB-9E49-C81898F2D569}.Release|Any CPU.Build.0 = Release|Any CPU
		{EC81A087-C3D5-405C-976A-DAEF70D8DDC5}.Debug|Any CPU.ActiveCfg = Debug|Any CPU
		{EC81A087-C3D5-405C-976A-DAEF70D8DDC5}.Debug|Any CPU.Build.0 = Debug|Any CPU
		{EC81A087-C3D5-405C-976A-DAEF70D8DDC5}.Release|Any CPU.ActiveCfg = Release|Any CPU
		{EC81A087-C3D5-405C-976A-DAEF70D8DDC5}.Release|Any CPU.Build.0 = Release|Any CPU
	EndGlobalSection
	GlobalSection(SolutionProperties) = preSolution
		HideSolutionNode = FALSE
	EndGlobalSection
	GlobalSection(ExtensibilityGlobals) = postSolution
		SolutionGuid = {F913FCF5-C396-4624-981D-CE94F4F86A35}
	EndGlobalSection
EndGlobal
